<Solution>
  <Folder Name="/Task0/">
    <Project Path="Tyuiu.VoytovichKA.Sprint1.Task0.V27.Lib/Tyuiu.VoytovichKA.Sprint1.Task0.V27.Lib.csproj" />
    <Project Path="Tyuiu.VoytovichKA.Sprint1.Task0.V27.Test/Tyuiu.VoytovichKA.Sprint1.Task0.V27.Test.csproj" />
    <Project Path="Tyuiu.VoytovichKA.Sprint1.Task0.V27/Tyuiu.VoytovichKA.Sprint1.Task0.V27.csproj" />
  </Folder>
  <Folder Name="/Task1/">
    <Project Path="Tyuiu.VoytovichKA.Sprint1.Task1.V1.Lib/Tyuiu.VoytovichKA.Sprint1.Task1.V1.Lib.csproj" Id="a88e4175-4a4b-44e0-a253-cd3427408fde" />
    <Project Path="Tyuiu.VoytovichKA.Sprint1.Task1.V1.Test/Tyuiu.VoytovichKA.Sprint1.Task1.V1.Test.csproj" Id="80c95388-9892-4fed-ad63-35c9c3d57941" />
    <Project Path="Tyuiu.VoytovichKA.Sprint1.Task1.V1/Tyuiu.VoytovichKA.Sprint1.Task1.V1.csproj" Id="c00e06d5-19ec-4836-86cb-fb4079c09d0f" />
  </Folder>
  <Folder Name="/Task2/">
    <Project Path="Tyuiu.VoytovichKA.Sprint1.Task2.V5.Lib/Tyuiu.VoytovichKA.Sprint1.Task2.V5.Lib.csproj" Id="b1d6d0a0-d92c-4066-992c-dea82cd6d59e" />
    <Project Path="Tyuiu.VoytovichKA.Sprint1.Task2.V5.Test/Tyuiu.VoytovichKA.Sprint1.Task2.V5.Test.csproj" Id="818e3132-b62e-4dc4-b05d-f6de6f9d9cc8" />
    <Project Path="Tyuiu.VoytovichKA.Sprint1.Task2.V5/Tyuiu.VoytovichKA.Sprint1.Task2.V5.csproj" Id="3f68aaa1-1cde-4b95-a60a-88a654156756" />
  </Folder>
  <Folder Name="/Task3/">
    <Project Path="Tyuiu.VoytovichKA.Sprint1.Task3.V9.Lib/Tyuiu.VoytovichKA.Sprint1.Task3.V9.Lib.csproj" Id="1fb50d1b-b052-4ded-a26c-75ea49f82d31" />
    <Project Path="Tyuiu.VoytovichKA.Sprint1.Task3.V9.Test/Tyuiu.VoytovichKA.Sprint1.Task3.V9.Test.csproj" Id="f3296bf3-f2bc-46be-b4f5-1baa923c29aa" />
    <Project Path="Tyuiu.VoytovichKA.Sprint1.Task3.V9/Tyuiu.VoytovichKA.Sprint1.Task3.V9.csproj" Id="d77ea8e9-efb0-46af-8bc9-0e8fdfb43649" />
  </Folder>
  <Folder Name="/Task4/">
    <Project Path="Tyuiu.VoytovichKA.Sprint1.Task4.V4.Lib/Tyuiu.VoytovichKA.Sprint1.Task4.V4.Lib.csproj" Id="76fcc7e5-e639-4bd1-94d2-220fbf39bb68" />
    <Project Path="Tyuiu.VoytovichKA.Sprint1.Task4.V4.Test/Tyuiu.VoytovichKA.Sprint1.Task4.V4.Test.csproj" Id="b45a14fe-ea63-4e76-bb18-ffdbff6916ab" />
    <Project Path="Tyuiu.VoytovichKA.Sprint1.Task4.V4/Tyuiu.VoytovichKA.Sprint1.Task4.V4.csproj" Id="bfafef39-41f8-485d-981b-34532c514aa3" />
  </Folder>
</Solution>
