<Solution>
  <Folder Name="/Task0/">
    <Project Path="Tyuiu.VoytovichKA.Sprint1.Task0.V27.Lib/Tyuiu.VoytovichKA.Sprint1.Task0.V27.Lib.csproj" />
    <Project Path="Tyuiu.VoytovichKA.Sprint1.Task0.V27.Test/Tyuiu.VoytovichKA.Sprint1.Task0.V27.Test.csproj" />
    <Project Path="Tyuiu.VoytovichKA.Sprint1.Task0.V27/Tyuiu.VoytovichKA.Sprint1.Task0.V27.csproj" />
  </Folder>
  <Folder Name="/Task1/">
    <Project Path="Tyuiu.VoytovichKA.Sprint1.Task1.V1.Lib/Tyuiu.VoytovichKA.Sprint1.Task1.V1.Lib.csproj" Id="a88e4175-4a4b-44e0-a253-cd3427408fde" />
    <Project Path="Tyuiu.VoytovichKA.Sprint1.Task1.V1.Test/Tyuiu.VoytovichKA.Sprint1.Task1.V1.Test.csproj" Id="80c95388-9892-4fed-ad63-35c9c3d57941" />
    <Project Path="Tyuiu.VoytovichKA.Sprint1.Task1.V1/Tyuiu.VoytovichKA.Sprint1.Task1.V1.csproj" Id="c00e06d5-19ec-4836-86cb-fb4079c09d0f" />
  </Folder>
</Solution>
